
Microsoft Visual Studio Solution File, Format Version 12.00
# Visual Studio Version 16
VisualStudioVersion = 25.0.1706.8
MinimumVisualStudioVersion = 10.0.40219.1
Project("{FAE04EC0-301F-11D3-BF4B-00C04F79EFBC}") = "ИСРПО2", "ИСРПО2\ИСРПО2.csproj", "{BEB4B3D9-C84D-4BCC-9011-D3E672557E60}"
EndProject
Global
	GlobalSection(SolutionConfigurationPlatforms) = preSolution
		Debug|Any CPU = Debug|Any CPU
		Release|Any CPU = Release|Any CPU
	EndGlobalSection
	GlobalSection(ProjectConfigurationPlatforms) = postSolution
		{BEB4B3D9-C84D-4BCC-9011-D3E672557E60}.Debug|Any CPU.ActiveCfg = Debug|Any CPU
		{BEB4B3D9-C84D-4BCC-9011-D3E672557E60}.Debug|Any CPU.Build.0 = Debug|Any CPU
		{BEB4B3D9-C84D-4BCC-9011-D3E672557E60}.Release|Any CPU.ActiveCfg = Release|Any CPU
		{BEB4B3D9-C84D-4BCC-9011-D3E672557E60}.Release|Any CPU.Build.0 = Release|Any CPU
	EndGlobalSection
	GlobalSection(SolutionProperties) = preSolution
		HideSolutionNode = FALSE
	EndGlobalSection
	GlobalSection(ExtensibilityGlobals) = postSolution
		SolutionGuid = {31ABDD5F-599B-4DE9-AD8E-738F9F4EF398}
	EndGlobalSection
EndGlobal
